
Microsoft Visual Studio Solution File, Format Version 12.00
# Visual Studio Version 17
VisualStudioVersion = 17.13.36105.23
MinimumVisualStudioVersion = 10.0.40219.1
Project("{FAE04EC0-301F-11D3-BF4B-00C04F79EFBC}") = "AiyoDesk", "AiyoDesk\AiyoDesk.csproj", "{527DECA2-038D-4F8C-A3FB-FDF0A1CC8D18}"
EndProject
Project("{FAE04EC0-301F-11D3-BF4B-00C04F79EFBC}") = "AiyoCoveX.Host", "AiyoCoveX.Host\AiyoCoveX.Host\AiyoCoveX.Host.csproj", "{022572DF-50ED-8FC7-D52A-24E7D705B9D0}"
EndProject
Project("{FAE04EC0-301F-11D3-BF4B-00C04F79EFBC}") = "AiyoCoveX.Host.Client", "AiyoCoveX.Host\AiyoCoveX.Host.Client\AiyoCoveX.Host.Client.csproj", "{26FB9336-2BEF-0FBB-BDEE-319DECCCE34D}"
EndProject
Project("{FAE04EC0-301F-11D3-BF4B-00C04F79EFBC}") = "AiyoCoveX.Shared", "AiyoCoveX.Shared\AiyoCoveX.Shared.csproj", "{3E27EE9A-61A5-6DD7-89D1-61B5E8F28803}"
EndProject
Global
	GlobalSection(SolutionConfigurationPlatforms) = preSolution
		Debug|Any CPU = Debug|Any CPU
		Release|Any CPU = Release|Any CPU
	EndGlobalSection
	GlobalSection(ProjectConfigurationPlatforms) = postSolution
		{527DECA2-038D-4F8C-A3FB-FDF0A1CC8D18}.Debug|Any CPU.ActiveCfg = Debug|Any CPU
		{527DECA2-038D-4F8C-A3FB-FDF0A1CC8D18}.Debug|Any CPU.Build.0 = Debug|Any CPU
		{527DECA2-038D-4F8C-A3FB-FDF0A1CC8D18}.Release|Any CPU.ActiveCfg = Release|Any CPU
		{527DECA2-038D-4F8C-A3FB-FDF0A1CC8D18}.Release|Any CPU.Build.0 = Release|Any CPU
		{022572DF-50ED-8FC7-D52A-24E7D705B9D0}.Debug|Any CPU.ActiveCfg = Debug|Any CPU
		{022572DF-50ED-8FC7-D52A-24E7D705B9D0}.Debug|Any CPU.Build.0 = Debug|Any CPU
		{022572DF-50ED-8FC7-D52A-24E7D705B9D0}.Release|Any CPU.ActiveCfg = Release|Any CPU
		{022572DF-50ED-8FC7-D52A-24E7D705B9D0}.Release|Any CPU.Build.0 = Release|Any CPU
		{26FB9336-2BEF-0FBB-BDEE-319DECCCE34D}.Debug|Any CPU.ActiveCfg = Debug|Any CPU
		{26FB9336-2BEF-0FBB-BDEE-319DECCCE34D}.Debug|Any CPU.Build.0 = Debug|Any CPU
		{26FB9336-2BEF-0FBB-BDEE-319DECCCE34D}.Release|Any CPU.ActiveCfg = Release|Any CPU
		{26FB9336-2BEF-0FBB-BDEE-319DECCCE34D}.Release|Any CPU.Build.0 = Release|Any CPU
		{3E27EE9A-61A5-6DD7-89D1-61B5E8F28803}.Debug|Any CPU.ActiveCfg = Debug|Any CPU
		{3E27EE9A-61A5-6DD7-89D1-61B5E8F28803}.Debug|Any CPU.Build.0 = Debug|Any CPU
		{3E27EE9A-61A5-6DD7-89D1-61B5E8F28803}.Release|Any CPU.ActiveCfg = Release|Any CPU
		{3E27EE9A-61A5-6DD7-89D1-61B5E8F28803}.Release|Any CPU.Build.0 = Release|Any CPU
	EndGlobalSection
	GlobalSection(SolutionProperties) = preSolution
		HideSolutionNode = FALSE
	EndGlobalSection
	GlobalSection(ExtensibilityGlobals) = postSolution
		SolutionGuid = {0D9BE494-D066-408E-B83D-9C715B6A9194}
	EndGlobalSection
EndGlobal
